github.com/bitwarden/sdk-go/v2 v2.0.0 h1:7Vf+uOvJe22yrOe2aRg2SFe5iQEP92Res0KzCVDUBfQ=
github.com/bitwarden/sdk-go/v2 v2.0.0/go.mod h1:6Sfb4IdZ9tnggeFj8Ty4MLkWUyC2pNlFUoAZE0Dapfw=
github.com/gofrs/uuid v4.4.0+incompatible h1:3qXRTX8/NbyulANqlc0lchS1gqAVxRgsuW1YrTJupqA=
github.com/gofrs/uuid v4.4.0+incompatible/go.mod h1:b2aQJv3Z4Fp6yNu3cdSllBxTCLRxnplIgP/c0N/04lM=
github.com/joho/godotenv v1.5.1 h1:7eLL/+HRGLY0ldzfGMeQkb7vMd0as4CfYvUVzLqw0N0=
github.com/joho/godotenv v1.5.1/go.mod h1:f4LDr5Voq0i2e/R5DDNOoa2zzDfwtkZa6DnEwAbqwq4=
